{
  "name": "pagerduty-change-events-action",
  "version": "1.0.0",
  "lockfileVersion": 2,
  "requires": true,
  "packages": {
    "": {
      "name": "pagerduty-change-events-action",
      "version": "1.0.0",
      "license": "ISC",
      "dependencies": {
        "@actions/core": "^1.10.0",
        "@actions/github": "^4.0.0",
        "axios": "^0.21.0"
      }
    },
    "node_modules/@actions/core": {
      "version": "1.10.0",
      "resolved": "https://registry.npmjs.org/@actions/core/-/core-1.10.0.tgz",
      "integrity": "sha512-2aZDDa3zrrZbP5ZYg159sNoLRb61nQ7awl5pSvIq5Qpj81vwDzdMRKzkWJGJuwVvWpvZKx7vspJALyvaaIQyug==",
      "dependencies": {
        "@actions/http-client": "^2.0.1",
        "uuid": "^8.3.2"
      }
    },
    "node_modules/@actions/core/node_modules/@actions/http-client": {
      "version": "2.0.1",
      "resolved": "https://registry.npmjs.org/@actions/http-client/-/http-client-2.0.1.tgz",
      "integrity": "sha512-PIXiMVtz6VvyaRsGY268qvj57hXQEpsYogYOu2nrQhlf+XCGmZstmuZBbAybUl1nQGnvS1k1eEsQ69ZoD7xlSw==",
      "dependencies": {
        "tunnel": "^0.0.6"
      }
    },
    "node_modules/@actions/github": {
      "version": "4.0.0",
      "resolved": "https://pagerduty.jfrog.io/pagerduty/api/npm/npm/@actions/github/-/github-4.0.0.tgz",
      "integrity": "sha1-1SBIMVGiv10tyc0PIPmsOi5FiBY=",
      "dependencies": {
        "@actions/http-client": "^1.0.8",
        "@octokit/core": "^3.0.0",
        "@octokit/plugin-paginate-rest": "^2.2.3",
        "@octokit/plugin-rest-endpoint-methods": "^4.0.0"
      }
    },
    "node_modules/@actions/http-client": {
      "version": "1.0.9",
      "resolved": "https://pagerduty.jfrog.io/pagerduty/api/npm/npm/@actions/http-client/-/http-client-1.0.9.tgz",
      "integrity": "sha1-rxlH0CAEPbxqO0xZGIkglcMP+1I=",
      "dependencies": {
        "tunnel": "0.0.6"
      }
    },
    "node_modules/@octokit/auth-token": {
      "version": "2.4.3",
      "resolved": "https://pagerduty.jfrog.io/pagerduty/api/npm/npm/@octokit/auth-token/-/auth-token-2.4.3.tgz",
      "integrity": "sha1-uGi18jZlM6fmKTPqoRgaiSQijMQ=",
      "dependencies": {
        "@octokit/types": "^5.0.0"
      }
    },
    "node_modules/@octokit/core": {
      "version": "3.2.1",
      "resolved": "https://pagerduty.jfrog.io/pagerduty/api/npm/npm/@octokit/core/-/core-3.2.1.tgz",
      "integrity": "sha1-ngTfP05/glrAVZMnSQzjQpkUCvU=",
      "dependencies": {
        "@octokit/auth-token": "^2.4.0",
        "@octokit/graphql": "^4.3.1",
        "@octokit/request": "^5.4.0",
        "@octokit/types": "^5.0.0",
        "before-after-hook": "^2.1.0",
        "universal-user-agent": "^6.0.0"
      }
    },
    "node_modules/@octokit/endpoint": {
      "version": "6.0.9",
      "resolved": "https://pagerduty.jfrog.io/pagerduty/api/npm/npm/@octokit/endpoint/-/endpoint-6.0.9.tgz",
      "integrity": "sha1-xqdy4CQgKxvRmrafkOBTaiWYsT4=",
      "dependencies": {
        "@octokit/types": "^5.0.0",
        "is-plain-object": "^5.0.0",
        "universal-user-agent": "^6.0.0"
      }
    },
    "node_modules/@octokit/graphql": {
      "version": "4.5.7",
      "resolved": "https://pagerduty.jfrog.io/pagerduty/api/npm/npm/@octokit/graphql/-/graphql-4.5.7.tgz",
      "integrity": "sha1-9FYtzZ6A6pRgIGjoWu+sGaiPhXg=",
      "dependencies": {
        "@octokit/request": "^5.3.0",
        "@octokit/types": "^5.0.0",
        "universal-user-agent": "^6.0.0"
      }
    },
    "node_modules/@octokit/plugin-paginate-rest": {
      "version": "2.6.0",
      "resolved": "https://pagerduty.jfrog.io/pagerduty/api/npm/npm/@octokit/plugin-paginate-rest/-/plugin-paginate-rest-2.6.0.tgz",
      "integrity": "sha1-A0FjlueiJ7JoxbgnNlI49iCpxcE=",
      "dependencies": {
        "@octokit/types": "^5.5.0"
      },
      "peerDependencies": {
        "@octokit/core": ">=2"
      }
    },
    "node_modules/@octokit/plugin-rest-endpoint-methods": {
      "version": "4.2.1",
      "resolved": "https://pagerduty.jfrog.io/pagerduty/api/npm/npm/@octokit/plugin-rest-endpoint-methods/-/plugin-rest-endpoint-methods-4.2.1.tgz",
      "integrity": "sha1-giSDOkXDOUg23G6G8ebEkmmiw1A=",
      "dependencies": {
        "@octokit/types": "^5.5.0",
        "deprecation": "^2.3.1"
      }
    },
    "node_modules/@octokit/request": {
      "version": "5.4.10",
      "resolved": "https://pagerduty.jfrog.io/pagerduty/api/npm/npm/@octokit/request/-/request-5.4.10.tgz",
      "integrity": "sha1-QC0sU3aL3hK5k0gym6QSl0auu5w=",
      "dependencies": {
        "@octokit/endpoint": "^6.0.1",
        "@octokit/request-error": "^2.0.0",
        "@octokit/types": "^5.0.0",
        "deprecation": "^2.0.0",
        "is-plain-object": "^5.0.0",
        "node-fetch": "^2.6.1",
        "once": "^1.4.0",
        "universal-user-agent": "^6.0.0"
      }
    },
    "node_modules/@octokit/request-error": {
      "version": "2.0.3",
      "resolved": "https://pagerduty.jfrog.io/pagerduty/api/npm/npm/@octokit/request-error/-/request-error-2.0.3.tgz",
      "integrity": "sha1-tRsgAFK/SD9vpWyefjqlHq027Ng=",
      "dependencies": {
        "@octokit/types": "^5.0.1",
        "deprecation": "^2.0.0",
        "once": "^1.4.0"
      }
    },
    "node_modules/@octokit/types": {
      "version": "5.5.0",
      "resolved": "https://pagerduty.jfrog.io/pagerduty/api/npm/npm/@octokit/types/-/types-5.5.0.tgz",
      "integrity": "sha1-5fBujbISRsoQKqKERM2xOuF6E5s=",
      "dependencies": {
        "@types/node": ">= 8"
      }
    },
    "node_modules/@types/node": {
      "version": "14.14.7",
      "resolved": "https://pagerduty.jfrog.io/pagerduty/api/npm/npm/@types/node/-/node-14.14.7.tgz",
      "integrity": "sha1-jqHo+OriQwz0QFZLmMbfzh7FlF0="
    },
    "node_modules/axios": {
      "version": "0.21.0",
      "resolved": "https://pagerduty.jfrog.io/pagerduty/api/npm/npm/axios/-/axios-0.21.0.tgz",
      "integrity": "sha1-Jt8IiAOiNQ3/LCf5b++Z/klEKso=",
      "deprecated": "Critical security vulnerability fixed in v0.21.1. For more information, see https://github.com/axios/axios/pull/3410",
      "dependencies": {
        "follow-redirects": "^1.10.0"
      }
    },
    "node_modules/before-after-hook": {
      "version": "2.1.0",
      "resolved": "https://pagerduty.jfrog.io/pagerduty/api/npm/npm/before-after-hook/-/before-after-hook-2.1.0.tgz",
      "integrity": "sha1-tsA0h/ROJCAN0wyl5qGXnF0vtjU="
    },
    "node_modules/deprecation": {
      "version": "2.3.1",
      "resolved": "https://pagerduty.jfrog.io/pagerduty/api/npm/npm/deprecation/-/deprecation-2.3.1.tgz",
      "integrity": "sha1-Y2jL20Cr8zc7UlrIfkomDDpwCRk="
    },
    "node_modules/follow-redirects": {
      "version": "1.15.4",
      "resolved": "https://registry.npmjs.org/follow-redirects/-/follow-redirects-1.15.4.tgz",
      "integrity": "sha512-Cr4D/5wlrb0z9dgERpUL3LrmPKVDsETIJhaCMeDfuFYcqa5bldGV6wBsAN6X/vxlXQtFBMrXdXxdL8CbDTGniw==",
      "funding": [
        {
          "type": "individual",
          "url": "https://github.com/sponsors/RubenVerborgh"
        }
      ],
      "engines": {
        "node": ">=4.0"
      },
      "peerDependenciesMeta": {
        "debug": {
          "optional": true
        }
      }
    },
    "node_modules/is-plain-object": {
      "version": "5.0.0",
      "resolved": "https://pagerduty.jfrog.io/pagerduty/api/npm/npm/is-plain-object/-/is-plain-object-5.0.0.tgz",
      "integrity": "sha1-RCf1CrNCnpAl6n1S6QQ6nvQVk0Q=",
      "engines": {
        "node": ">=0.10.0"
      }
    },
    "node_modules/node-fetch": {
      "version": "2.6.1",
      "resolved": "https://pagerduty.jfrog.io/pagerduty/api/npm/npm/node-fetch/-/node-fetch-2.6.1.tgz",
      "integrity": "sha1-BFvTI2Mfdu0uK1VXM5RBa2OaAFI=",
      "engines": {
        "node": "4.x || >=6.0.0"
      }
    },
    "node_modules/once": {
      "version": "1.4.0",
      "resolved": "https://pagerduty.jfrog.io/pagerduty/api/npm/npm/once/-/once-1.4.0.tgz",
      "integrity": "sha1-WDsap3WWHUsROsF9nFC6753Xa9E=",
      "dependencies": {
        "wrappy": "1"
      }
    },
    "node_modules/tunnel": {
      "version": "0.0.6",
      "resolved": "https://pagerduty.jfrog.io/pagerduty/api/npm/npm/tunnel/-/tunnel-0.0.6.tgz",
      "integrity": "sha1-cvExSzSlsZLbASMk3yzFh8pH+Sw=",
      "engines": {
        "node": ">=0.6.11 <=0.7.0 || >=0.7.3"
      }
    },
    "node_modules/universal-user-agent": {
      "version": "6.0.0",
      "resolved": "https://pagerduty.jfrog.io/pagerduty/api/npm/npm/universal-user-agent/-/universal-user-agent-6.0.0.tgz",
      "integrity": "sha1-M4H4UDslHA2c0hvB3pOeyd9UgO4="
    },
    "node_modules/uuid": {
      "version": "8.3.2",
      "resolved": "https://registry.npmjs.org/uuid/-/uuid-8.3.2.tgz",
      "integrity": "sha512-+NYs2QeMWy+GWFOEm9xnn6HCDp0l7QBD7ml8zLUmJ+93Q5NF0NocErnwkTkXVFNiX3/fpC6afS8Dhb/gz7R7eg==",
      "bin": {
        "uuid": "dist/bin/uuid"
      }
    },
    "node_modules/wrappy": {
      "version": "1.0.2",
      "resolved": "https://pagerduty.jfrog.io/pagerduty/api/npm/npm/wrappy/-/wrappy-1.0.2.tgz",
      "integrity": "sha1-tSQ9jz7BqjXxNkYFvA0QNuMKtp8="
    }
  },
  "dependencies": {
    "@actions/core": {
      "version": "1.10.0",
      "resolved": "https://registry.npmjs.org/@actions/core/-/core-1.10.0.tgz",
      "integrity": "sha512-2aZDDa3zrrZbP5ZYg159sNoLRb61nQ7awl5pSvIq5Qpj81vwDzdMRKzkWJGJuwVvWpvZKx7vspJALyvaaIQyug==",
      "requires": {
        "@actions/http-client": "^2.0.1",
        "uuid": "^8.3.2"
      },
      "dependencies": {
        "@actions/http-client": {
          "version": "2.0.1",
          "resolved": "https://registry.npmjs.org/@actions/http-client/-/http-client-2.0.1.tgz",
          "integrity": "sha512-PIXiMVtz6VvyaRsGY268qvj57hXQEpsYogYOu2nrQhlf+XCGmZstmuZBbAybUl1nQGnvS1k1eEsQ69ZoD7xlSw==",
          "requires": {
            "tunnel": "^0.0.6"
          }
        }
      }
    },
    "@actions/github": {
      "version": "4.0.0",
      "resolved": "https://pagerduty.jfrog.io/pagerduty/api/npm/npm/@actions/github/-/github-4.0.0.tgz",
      "integrity": "sha1-1SBIMVGiv10tyc0PIPmsOi5FiBY=",
      "requires": {
        "@actions/http-client": "^1.0.8",
        "@octokit/core": "^3.0.0",
        "@octokit/plugin-paginate-rest": "^2.2.3",
        "@octokit/plugin-rest-endpoint-methods": "^4.0.0"
      }
    },
    "@actions/http-client": {
      "version": "1.0.9",
      "resolved": "https://pagerduty.jfrog.io/pagerduty/api/npm/npm/@actions/http-client/-/http-client-1.0.9.tgz",
      "integrity": "sha1-rxlH0CAEPbxqO0xZGIkglcMP+1I=",
      "requires": {
        "tunnel": "0.0.6"
      }
    },
    "@octokit/auth-token": {
      "version": "2.4.3",
      "resolved": "https://pagerduty.jfrog.io/pagerduty/api/npm/npm/@octokit/auth-token/-/auth-token-2.4.3.tgz",
      "integrity": "sha1-uGi18jZlM6fmKTPqoRgaiSQijMQ=",
      "requires": {
        "@octokit/types": "^5.0.0"
      }
    },
    "@octokit/core": {
      "version": "3.2.1",
      "resolved": "https://pagerduty.jfrog.io/pagerduty/api/npm/npm/@octokit/core/-/core-3.2.1.tgz",
      "integrity": "sha1-ngTfP05/glrAVZMnSQzjQpkUCvU=",
      "requires": {
        "@octokit/auth-token": "^2.4.0",
        "@octokit/graphql": "^4.3.1",
        "@octokit/request": "^5.4.0",
        "@octokit/types": "^5.0.0",
        "before-after-hook": "^2.1.0",
        "universal-user-agent": "^6.0.0"
      }
    },
    "@octokit/endpoint": {
      "version": "6.0.9",
      "resolved": "https://pagerduty.jfrog.io/pagerduty/api/npm/npm/@octokit/endpoint/-/endpoint-6.0.9.tgz",
      "integrity": "sha1-xqdy4CQgKxvRmrafkOBTaiWYsT4=",
      "requires": {
        "@octokit/types": "^5.0.0",
        "is-plain-object": "^5.0.0",
        "universal-user-agent": "^6.0.0"
      }
    },
    "@octokit/graphql": {
      "version": "4.5.7",
      "resolved": "https://pagerduty.jfrog.io/pagerduty/api/npm/npm/@octokit/graphql/-/graphql-4.5.7.tgz",
      "integrity": "sha1-9FYtzZ6A6pRgIGjoWu+sGaiPhXg=",
      "requires": {
        "@octokit/request": "^5.3.0",
        "@octokit/types": "^5.0.0",
        "universal-user-agent": "^6.0.0"
      }
    },
    "@octokit/plugin-paginate-rest": {
      "version": "2.6.0",
      "resolved": "https://pagerduty.jfrog.io/pagerduty/api/npm/npm/@octokit/plugin-paginate-rest/-/plugin-paginate-rest-2.6.0.tgz",
      "integrity": "sha1-A0FjlueiJ7JoxbgnNlI49iCpxcE=",
      "requires": {
        "@octokit/types": "^5.5.0"
      }
    },
    "@octokit/plugin-rest-endpoint-methods": {
      "version": "4.2.1",
      "resolved": "https://pagerduty.jfrog.io/pagerduty/api/npm/npm/@octokit/plugin-rest-endpoint-methods/-/plugin-rest-endpoint-methods-4.2.1.tgz",
      "integrity": "sha1-giSDOkXDOUg23G6G8ebEkmmiw1A=",
      "requires": {
        "@octokit/types": "^5.5.0",
        "deprecation": "^2.3.1"
      }
    },
    "@octokit/request": {
      "version": "5.4.10",
      "resolved": "https://pagerduty.jfrog.io/pagerduty/api/npm/npm/@octokit/request/-/request-5.4.10.tgz",
      "integrity": "sha1-QC0sU3aL3hK5k0gym6QSl0auu5w=",
      "requires": {
        "@octokit/endpoint": "^6.0.1",
        "@octokit/request-error": "^2.0.0",
        "@octokit/types": "^5.0.0",
        "deprecation": "^2.0.0",
        "is-plain-object": "^5.0.0",
        "node-fetch": "^2.6.1",
        "once": "^1.4.0",
        "universal-user-agent": "^6.0.0"
      }
    },
    "@octokit/request-error": {
      "version": "2.0.3",
      "resolved": "https://pagerduty.jfrog.io/pagerduty/api/npm/npm/@octokit/request-error/-/request-error-2.0.3.tgz",
      "integrity": "sha1-tRsgAFK/SD9vpWyefjqlHq027Ng=",
      "requires": {
        "@octokit/types": "^5.0.1",
        "deprecation": "^2.0.0",
        "once": "^1.4.0"
      }
    },
    "@octokit/types": {
      "version": "5.5.0",
      "resolved": "https://pagerduty.jfrog.io/pagerduty/api/npm/npm/@octokit/types/-/types-5.5.0.tgz",
      "integrity": "sha1-5fBujbISRsoQKqKERM2xOuF6E5s=",
      "requires": {
        "@types/node": ">= 8"
      }
    },
    "@types/node": {
      "version": "14.14.7",
      "resolved": "https://pagerduty.jfrog.io/pagerduty/api/npm/npm/@types/node/-/node-14.14.7.tgz",
      "integrity": "sha1-jqHo+OriQwz0QFZLmMbfzh7FlF0="
    },
    "axios": {
      "version": "0.21.0",
      "resolved": "https://pagerduty.jfrog.io/pagerduty/api/npm/npm/axios/-/axios-0.21.0.tgz",
      "integrity": "sha1-Jt8IiAOiNQ3/LCf5b++Z/klEKso=",
      "requires": {
        "follow-redirects": "^1.10.0"
      }
    },
    "before-after-hook": {
      "version": "2.1.0",
      "resolved": "https://pagerduty.jfrog.io/pagerduty/api/npm/npm/before-after-hook/-/before-after-hook-2.1.0.tgz",
      "integrity": "sha1-tsA0h/ROJCAN0wyl5qGXnF0vtjU="
    },
    "deprecation": {
      "version": "2.3.1",
      "resolved": "https://pagerduty.jfrog.io/pagerduty/api/npm/npm/deprecation/-/deprecation-2.3.1.tgz",
      "integrity": "sha1-Y2jL20Cr8zc7UlrIfkomDDpwCRk="
    },
    "follow-redirects": {
      "version": "1.15.4",
      "resolved": "https://registry.npmjs.org/follow-redirects/-/follow-redirects-1.15.4.tgz",
      "integrity": "sha512-Cr4D/5wlrb0z9dgERpUL3LrmPKVDsETIJhaCMeDfuFYcqa5bldGV6wBsAN6X/vxlXQtFBMrXdXxdL8CbDTGniw=="
    },
    "is-plain-object": {
      "version": "5.0.0",
      "resolved": "https://pagerduty.jfrog.io/pagerduty/api/npm/npm/is-plain-object/-/is-plain-object-5.0.0.tgz",
      "integrity": "sha1-RCf1CrNCnpAl6n1S6QQ6nvQVk0Q="
    },
    "node-fetch": {
      "version": "2.6.1",
      "resolved": "https://pagerduty.jfrog.io/pagerduty/api/npm/npm/node-fetch/-/node-fetch-2.6.1.tgz",
      "integrity": "sha1-BFvTI2Mfdu0uK1VXM5RBa2OaAFI="
    },
    "once": {
      "version": "1.4.0",
      "resolved": "https://pagerduty.jfrog.io/pagerduty/api/npm/npm/once/-/once-1.4.0.tgz",
      "integrity": "sha1-WDsap3WWHUsROsF9nFC6753Xa9E=",
      "requires": {
        "wrappy": "1"
      }
    },
    "tunnel": {
      "version": "0.0.6",
      "resolved": "https://pagerduty.jfrog.io/pagerduty/api/npm/npm/tunnel/-/tunnel-0.0.6.tgz",
      "integrity": "sha1-cvExSzSlsZLbASMk3yzFh8pH+Sw="
    },
    "universal-user-agent": {
      "version": "6.0.0",
      "resolved": "https://pagerduty.jfrog.io/pagerduty/api/npm/npm/universal-user-agent/-/universal-user-agent-6.0.0.tgz",
      "integrity": "sha1-M4H4UDslHA2c0hvB3pOeyd9UgO4="
    },
    "uuid": {
      "version": "8.3.2",
      "resolved": "https://registry.npmjs.org/uuid/-/uuid-8.3.2.tgz",
      "integrity": "sha512-+NYs2QeMWy+GWFOEm9xnn6HCDp0l7QBD7ml8zLUmJ+93Q5NF0NocErnwkTkXVFNiX3/fpC6afS8Dhb/gz7R7eg=="
    },
    "wrappy": {
      "version": "1.0.2",
      "resolved": "https://pagerduty.jfrog.io/pagerduty/api/npm/npm/wrappy/-/wrappy-1.0.2.tgz",
      "integrity": "sha1-tSQ9jz7BqjXxNkYFvA0QNuMKtp8="
    }
  }
}
